
Microsoft Visual Studio Solution File, Format Version 12.00
# Visual Studio Version 17
VisualStudioVersion = 17.6.33815.320
MinimumVisualStudioVersion = 10.0.40219.1
Project("{E24C65DC-7377-472B-9ABA-BC803B73C61A}") = "YazOkulu", "YazOkulu\", "{B4337826-9057-47BE-8653-427087090C70}"
	ProjectSection(WebsiteProperties) = preProject
		TargetFrameworkMoniker = ".NETFramework,Version%3Dv4.7.2"
		Debug.AspNetCompiler.VirtualPath = "/localhost_53895"
		Debug.AspNetCompiler.PhysicalPath = "YazOkulu\"
		Debug.AspNetCompiler.TargetPath = "PrecompiledWeb\localhost_53895\"
		Debug.AspNetCompiler.Updateable = "true"
		Debug.AspNetCompiler.ForceOverwrite = "true"
		Debug.AspNetCompiler.FixedNames = "false"
		Debug.AspNetCompiler.Debug = "True"
		Release.AspNetCompiler.VirtualPath = "/localhost_53895"
		Release.AspNetCompiler.PhysicalPath = "YazOkulu\"
		Release.AspNetCompiler.TargetPath = "PrecompiledWeb\localhost_53895\"
		Release.AspNetCompiler.Updateable = "true"
		Release.AspNetCompiler.ForceOverwrite = "true"
		Release.AspNetCompiler.FixedNames = "false"
		Release.AspNetCompiler.Debug = "False"
		VWDPort = "53895"
		SlnRelativePath = "YazOkulu\"
		DefaultWebSiteLanguage = "Visual C#"
	EndProjectSection
EndProject
Project("{FAE04EC0-301F-11D3-BF4B-00C04F79EFBC}") = "DataAccessLayer", "DataAccessLayerr\DataAccessLayer.csproj", "{B8F6F4AE-3240-4D32-B36F-95720C17EF51}"
EndProject
Project("{FAE04EC0-301F-11D3-BF4B-00C04F79EFBC}") = "EntityLayer", "EntityLayerr\EntityLayer.csproj", "{348E156B-840A-4BD8-96FE-67180D2BFD98}"
EndProject
Global
	GlobalSection(SolutionConfigurationPlatforms) = preSolution
		Debug|Any CPU = Debug|Any CPU
		Release|Any CPU = Release|Any CPU
	EndGlobalSection
	GlobalSection(ProjectConfigurationPlatforms) = postSolution
		{B4337826-9057-47BE-8653-427087090C70}.Debug|Any CPU.ActiveCfg = Debug|Any CPU
		{B4337826-9057-47BE-8653-427087090C70}.Debug|Any CPU.Build.0 = Debug|Any CPU
		{B4337826-9057-47BE-8653-427087090C70}.Release|Any CPU.ActiveCfg = Debug|Any CPU
		{B4337826-9057-47BE-8653-427087090C70}.Release|Any CPU.Build.0 = Debug|Any CPU
		{B8F6F4AE-3240-4D32-B36F-95720C17EF51}.Debug|Any CPU.ActiveCfg = Debug|Any CPU
		{B8F6F4AE-3240-4D32-B36F-95720C17EF51}.Debug|Any CPU.Build.0 = Debug|Any CPU
		{B8F6F4AE-3240-4D32-B36F-95720C17EF51}.Release|Any CPU.ActiveCfg = Release|Any CPU
		{B8F6F4AE-3240-4D32-B36F-95720C17EF51}.Release|Any CPU.Build.0 = Release|Any CPU
		{348E156B-840A-4BD8-96FE-67180D2BFD98}.Debug|Any CPU.ActiveCfg = Debug|Any CPU
		{348E156B-840A-4BD8-96FE-67180D2BFD98}.Debug|Any CPU.Build.0 = Debug|Any CPU
		{348E156B-840A-4BD8-96FE-67180D2BFD98}.Release|Any CPU.ActiveCfg = Release|Any CPU
		{348E156B-840A-4BD8-96FE-67180D2BFD98}.Release|Any CPU.Build.0 = Release|Any CPU
	EndGlobalSection
	GlobalSection(SolutionProperties) = preSolution
		HideSolutionNode = FALSE
	EndGlobalSection
	GlobalSection(ExtensibilityGlobals) = postSolution
		SolutionGuid = {00EE4409-BA8B-4613-9EA3-2275EE54050C}
	EndGlobalSection
EndGlobal
